
Microsoft Visual Studio Solution File, Format Version 12.00
# Visual Studio 15
VisualStudioVersion = 15.0.27004.2006
MinimumVisualStudioVersion = 10.0.40219.1
Project("{9A19103F-16F7-4668-BE54-9A1E7A4F7556}") = "NServiceBus.RateLimiter", "NServiceBus.RateLimiter\NServiceBus.RateLimiter.csproj", "{B7F783CF-EE17-4487-8516-BC135D3F4EA6}"
EndProject
Project("{2150E333-8FDC-42A3-9474-1A3956D46DE8}") = "Solution Items", "Solution Items", "{E6A25644-C9B4-49D4-8A9A-3C76031BA3F0}"
	ProjectSection(SolutionItems) = preProject
		..\README.md = ..\README.md
	EndProjectSection
EndProject
Global
	GlobalSection(SolutionConfigurationPlatforms) = preSolution
		Debug|Any CPU = Debug|Any CPU
		Release|Any CPU = Release|Any CPU
	EndGlobalSection
	GlobalSection(ProjectConfigurationPlatforms) = postSolution
		{B7F783CF-EE17-4487-8516-BC135D3F4EA6}.Debug|Any CPU.ActiveCfg = Debug|Any CPU
		{B7F783CF-EE17-4487-8516-BC135D3F4EA6}.Debug|Any CPU.Build.0 = Debug|Any CPU
		{B7F783CF-EE17-4487-8516-BC135D3F4EA6}.Release|Any CPU.ActiveCfg = Release|Any CPU
		{B7F783CF-EE17-4487-8516-BC135D3F4EA6}.Release|Any CPU.Build.0 = Release|Any CPU
	EndGlobalSection
	GlobalSection(SolutionProperties) = preSolution
		HideSolutionNode = FALSE
	EndGlobalSection
	GlobalSection(ExtensibilityGlobals) = postSolution
		SolutionGuid = {BC724950-6B55-419D-8AA2-589E84A56C37}
	EndGlobalSection
EndGlobal
